
Microsoft Visual Studio Solution File, Format Version 12.00
# Visual Studio Version 16
VisualStudioVersion = 16.0.29613.14
MinimumVisualStudioVersion = 10.0.40219.1
Project("{FAE04EC0-301F-11D3-BF4B-00C04F79EFBC}") = "sale-bot-prototype", "sale-bot-prototype.csproj", "{6411C9E7-D985-4E0E-8302-4A2BABD9E8B8}"
EndProject
Global
	GlobalSection(SolutionConfigurationPlatforms) = preSolution
		Debug|Any CPU = Debug|Any CPU
		Release|Any CPU = Release|Any CPU
	EndGlobalSection
	GlobalSection(ProjectConfigurationPlatforms) = postSolution
		{6411C9E7-D985-4E0E-8302-4A2BABD9E8B8}.Debug|Any CPU.ActiveCfg = Debug|Any CPU
		{6411C9E7-D985-4E0E-8302-4A2BABD9E8B8}.Debug|Any CPU.Build.0 = Debug|Any CPU
		{6411C9E7-D985-4E0E-8302-4A2BABD9E8B8}.Release|Any CPU.ActiveCfg = Release|Any CPU
		{6411C9E7-D985-4E0E-8302-4A2BABD9E8B8}.Release|Any CPU.Build.0 = Release|Any CPU
	EndGlobalSection
	GlobalSection(SolutionProperties) = preSolution
		HideSolutionNode = FALSE
	EndGlobalSection
	GlobalSection(ExtensibilityGlobals) = postSolution
		SolutionGuid = {0909F6EC-49B3-4A4F-85DF-011D296A1224}
	EndGlobalSection
EndGlobal
